// !$*UTF8*$!
{
	archiveVersion = 1;
	classes = {
	};
	objectVersion = 56;
	objects = {

/* Begin PBXBuildFile section */
		2F0CB8082BF7DB44003272B7 /* ProductCard.swift in Sources */ = {isa = PBXBuildFile; fileRef = 2F0CB8072BF7DB44003272B7 /* ProductCard.swift */; };
		2F6746BF2C009B1500A0B071 /* ProductRow.swift in Sources */ = {isa = PBXBuildFile; fileRef = 2F6746BE2C009B1500A0B071 /* ProductRow.swift */; };
		2F851BA02BF9032700207EB3 /* CartButton.swift in Sources */ = {isa = PBXBuildFile; fileRef = 2F851B9F2BF9032700207EB3 /* CartButton.swift */; };
		2F851BA22BF907D300207EB3 /* CartView.swift in Sources */ = {isa = PBXBuildFile; fileRef = 2F851BA12BF907D300207EB3 /* CartView.swift */; };
		2F96A8CD2C006B4A0046D48B /* CartManager.swift in Sources */ = {isa = PBXBuildFile; fileRef = 2F96A8CC2C006B4A0046D48B /* CartManager.swift */; };
		2FD2CBD92BF7896500C8A4EA /* sweater_shopApp.swift in Sources */ = {isa = PBXBuildFile; fileRef = 2FD2CBD82BF7896500C8A4EA /* sweater_shopApp.swift */; };
		2FD2CBDB2BF7896500C8A4EA /* ContentView.swift in Sources */ = {isa = PBXBuildFile; fileRef = 2FD2CBDA2BF7896500C8A4EA /* ContentView.swift */; };
		2FD2CBDD2BF7896700C8A4EA /* Assets.xcassets in Resources */ = {isa = PBXBuildFile; fileRef = 2FD2CBDC2BF7896700C8A4EA /* Assets.xcassets */; };
		2FD2CBE02BF7896700C8A4EA /* Preview Assets.xcassets in Resources */ = {isa = PBXBuildFile; fileRef = 2FD2CBDF2BF7896700C8A4EA /* Preview Assets.xcassets */; };
		2FD2CBE82BF78D3900C8A4EA /* Product.swift in Sources */ = {isa = PBXBuildFile; fileRef = 2FD2CBE72BF78D3900C8A4EA /* Product.swift */; };
/* End PBXBuildFile section */

/* Begin PBXFileReference section */
		2F0CB8072BF7DB44003272B7 /* ProductCard.swift */ = {isa = PBXFileReference; lastKnownFileType = sourcecode.swift; path = ProductCard.swift; sourceTree = "<group>"; };
		2F6746BE2C009B1500A0B071 /* ProductRow.swift */ = {isa = PBXFileReference; lastKnownFileType = sourcecode.swift; path = ProductRow.swift; sourceTree = "<group>"; };
		2F851B9F2BF9032700207EB3 /* CartButton.swift */ = {isa = PBXFileReference; lastKnownFileType = sourcecode.swift; path = CartButton.swift; sourceTree = "<group>"; };
		2F851BA12BF907D300207EB3 /* CartView.swift */ = {isa = PBXFileReference; lastKnownFileType = sourcecode.swift; path = CartView.swift; sourceTree = "<group>"; };
		2F96A8CC2C006B4A0046D48B /* CartManager.swift */ = {isa = PBXFileReference; lastKnownFileType = sourcecode.swift; path = CartManager.swift; sourceTree = "<group>"; };
		2FD2CBD52BF7896500C8A4EA /* sweater_shop.app */ = {isa = PBXFileReference; explicitFileType = wrapper.application; includeInIndex = 0; path = sweater_shop.app; sourceTree = BUILT_PRODUCTS_DIR; };
		2FD2CBD82BF7896500C8A4EA /* sweater_shopApp.swift */ = {isa = PBXFileReference; lastKnownFileType = sourcecode.swift; path = sweater_shopApp.swift; sourceTree = "<group>"; };
		2FD2CBDA2BF7896500C8A4EA /* ContentView.swift */ = {isa = PBXFileReference; lastKnownFileType = sourcecode.swift; path = ContentView.swift; sourceTree = "<group>"; };
		2FD2CBDC2BF7896700C8A4EA /* Assets.xcassets */ = {isa = PBXFileReference; lastKnownFileType = folder.assetcatalog; path = Assets.xcassets; sourceTree = "<group>"; };
		2FD2CBDF2BF7896700C8A4EA /* Preview Assets.xcassets */ = {isa = PBXFileReference; lastKnownFileType = folder.assetcatalog; path = "Preview Assets.xcassets"; sourceTree = "<group>"; };
		2FD2CBE72BF78D3900C8A4EA /* Product.swift */ = {isa = PBXFileReference; lastKnownFileType = sourcecode.swift; path = Product.swift; sourceTree = "<group>"; };
/* End PBXFileReference section */

/* Begin PBXFrameworksBuildPhase section */
		2FD2CBD22BF7896500C8A4EA /* Frameworks */ = {
			isa = PBXFrameworksBuildPhase;
			buildActionMask = 2147483647;
			files = (
			);
			runOnlyForDeploymentPostprocessing = 0;
		};
/* End PBXFrameworksBuildPhase section */

/* Begin PBXGroup section */
		2F0CB8062BF7DA9A003272B7 /* Components  */ = {
			isa = PBXGroup;
			children = (
				2F0CB8072BF7DB44003272B7 /* ProductCard.swift */,
				2F851B9F2BF9032700207EB3 /* CartButton.swift */,
				2F6746BE2C009B1500A0B071 /* ProductRow.swift */,
			);
			path = "Components ";
			sourceTree = "<group>";
		};
		2F0CB8092BF7E921003272B7 /* Views */ = {
			isa = PBXGroup;
			children = (
				2FD2CBDA2BF7896500C8A4EA /* ContentView.swift */,
				2F851BA12BF907D300207EB3 /* CartView.swift */,
			);
			path = Views;
			sourceTree = "<group>";
		};
		2FD2CBCC2BF7896500C8A4EA = {
			isa = PBXGroup;
			children = (
				2FD2CBD72BF7896500C8A4EA /* sweater_shop */,
				2FD2CBD62BF7896500C8A4EA /* Products */,
			);
			sourceTree = "<group>";
		};
		2FD2CBD62BF7896500C8A4EA /* Products */ = {
			isa = PBXGroup;
			children = (
				2FD2CBD52BF7896500C8A4EA /* sweater_shop.app */,
			);
			name = Products;
			sourceTree = "<group>";
		};
		2FD2CBD72BF7896500C8A4EA /* sweater_shop */ = {
			isa = PBXGroup;
			children = (
				2F0CB8092BF7E921003272B7 /* Views */,
				2FD2CBD82BF7896500C8A4EA /* sweater_shopApp.swift */,
				2F0CB8062BF7DA9A003272B7 /* Components  */,
				2FD2CBE62BF78D1900C8A4EA /* Models */,
				2FD2CBDC2BF7896700C8A4EA /* Assets.xcassets */,
				2FD2CBDE2BF7896700C8A4EA /* Preview Content */,
				2F96A8CC2C006B4A0046D48B /* CartManager.swift */,
			);
			path = sweater_shop;
			sourceTree = "<group>";
		};
		2FD2CBDE2BF7896700C8A4EA /* Preview Content */ = {
			isa = PBXGroup;
			children = (
				2FD2CBDF2BF7896700C8A4EA /* Preview Assets.xcassets */,
			);
			path = "Preview Content";
			sourceTree = "<group>";
		};
		2FD2CBE62BF78D1900C8A4EA /* Models */ = {
			isa = PBXGroup;
			children = (
				2FD2CBE72BF78D3900C8A4EA /* Product.swift */,
			);
			path = Models;
			sourceTree = "<group>";
		};
/* End PBXGroup section */

/* Begin PBXNativeTarget section */
		2FD2CBD42BF7896500C8A4EA /* sweater_shop */ = {
			isa = PBXNativeTarget;
			buildConfigurationList = 2FD2CBE32BF7896700C8A4EA /* Build configuration list for PBXNativeTarget "sweater_shop" */;
			buildPhases = (
				2FD2CBD12BF7896500C8A4EA /* Sources */,
				2FD2CBD22BF7896500C8A4EA /* Frameworks */,
				2FD2CBD32BF7896500C8A4EA /* Resources */,
			);
			buildRules = (
			);
			dependencies = (
			);
			name = sweater_shop;
			productName = sweater_shop;
			productReference = 2FD2CBD52BF7896500C8A4EA /* sweater_shop.app */;
			productType = "com.apple.product-type.application";
		};
/* End PBXNativeTarget section */

/* Begin PBXProject section */
		2FD2CBCD2BF7896500C8A4EA /* Project object */ = {
			isa = PBXProject;
			attributes = {
				BuildIndependentTargetsInParallel = 1;
				LastSwiftUpdateCheck = 1530;
				LastUpgradeCheck = 1530;
				TargetAttributes = {
					2FD2CBD42BF7896500C8A4EA = {
						CreatedOnToolsVersion = 15.3;
					};
				};
			};
			buildConfigurationList = 2FD2CBD02BF7896500C8A4EA /* Build configuration list for PBXProject "sweater_shop" */;
			compatibilityVersion = "Xcode 14.0";
			developmentRegion = en;
			hasScannedForEncodings = 0;
			knownRegions = (
				en,
				Base,
			);
			mainGroup = 2FD2CBCC2BF7896500C8A4EA;
			productRefGroup = 2FD2CBD62BF7896500C8A4EA /* Products */;
			projectDirPath = "";
			projectRoot = "";
			targets = (
				2FD2CBD42BF7896500C8A4EA /* sweater_shop */,
			);
		};
/* End PBXProject section */

/* Begin PBXResourcesBuildPhase section */
		2FD2CBD32BF7896500C8A4EA /* Resources */ = {
			isa = PBXResourcesBuildPhase;
			buildActionMask = 2147483647;
			files = (
				2FD2CBE02BF7896700C8A4EA /* Preview Assets.xcassets in Resources */,
				2FD2CBDD2BF7896700C8A4EA /* Assets.xcassets in Resources */,
			);
			runOnlyForDeploymentPostprocessing = 0;
		};
/* End PBXResourcesBuildPhase section */

/* Begin PBXSourcesBuildPhase section */
		2FD2CBD12BF7896500C8A4EA /* Sources */ = {
			isa = PBXSourcesBuildPhase;
			buildActionMask = 2147483647;
			files = (
				2F851BA22BF907D300207EB3 /* CartView.swift in Sources */,
				2FD2CBDB2BF7896500C8A4EA /* ContentView.swift in Sources */,
				2F96A8CD2C006B4A0046D48B /* CartManager.swift in Sources */,
				2FD2CBD92BF7896500C8A4EA /* sweater_shopApp.swift in Sources */,
				2F6746BF2C009B1500A0B071 /* ProductRow.swift in Sources */,
				2FD2CBE82BF78D3900C8A4EA /* Product.swift in Sources */,
				2F0CB8082BF7DB44003272B7 /* ProductCard.swift in Sources */,
				2F851BA02BF9032700207EB3 /* CartButton.swift in Sources */,
			);
			runOnlyForDeploymentPostprocessing = 0;
		};
/* End PBXSourcesBuildPhase section */

/* Begin XCBuildConfiguration section */
		2FD2CBE12BF7896700C8A4EA /* Debug */ = {
			isa = XCBuildConfiguration;
			buildSettings = {
				ALWAYS_SEARCH_USER_PATHS = NO;
				ASSETCATALOG_COMPILER_GENERATE_SWIFT_ASSET_SYMBOL_EXTENSIONS = YES;
				CLANG_ANALYZER_NONNULL = YES;
				CLANG_ANALYZER_NUMBER_OBJECT_CONVERSION = YES_AGGRESSIVE;
				CLANG_CXX_LANGUAGE_STANDARD = "gnu++20";
				CLANG_ENABLE_MODULES = YES;
				CLANG_ENABLE_OBJC_ARC = YES;
				CLANG_ENABLE_OBJC_WEAK = YES;
				CLANG_WARN_BLOCK_CAPTURE_AUTORELEASING = YES;
				CLANG_WARN_BOOL_CONVERSION = YES;
				CLANG_WARN_COMMA = YES;
				CLANG_WARN_CONSTANT_CONVERSION = YES;
				CLANG_WARN_DEPRECATED_OBJC_IMPLEMENTATIONS = YES;
				CLANG_WARN_DIRECT_OBJC_ISA_USAGE = YES_ERROR;
				CLANG_WARN_DOCUMENTATION_COMMENTS = YES;
				CLANG_WARN_EMPTY_BODY = YES;
				CLANG_WARN_ENUM_CONVERSION = YES;
				CLANG_WARN_INFINITE_RECURSION = YES;
				CLANG_WARN_INT_CONVERSION = YES;
				CLANG_WARN_NON_LITERAL_NULL_CONVERSION = YES;
				CLANG_WARN_OBJC_IMPLICIT_RETAIN_SELF = YES;
				CLANG_WARN_OBJC_LITERAL_CONVERSION = YES;
				CLANG_WARN_OBJC_ROOT_CLASS = YES_ERROR;
				CLANG_WARN_QUOTED_INCLUDE_IN_FRAMEWORK_HEADER = YES;
				CLANG_WARN_RANGE_LOOP_ANALYSIS = YES;
				CLANG_WARN_STRICT_PROTOTYPES = YES;
				CLANG_WARN_SUSPICIOUS_MOVE = YES;
				CLANG_WARN_UNGUARDED_AVAILABILITY = YES_AGGRESSIVE;
				CLANG_WARN_UNREACHABLE_CODE = YES;
				CLANG_WARN__DUPLICATE_METHOD_MATCH = YES;
				COPY_PHASE_STRIP = NO;
				DEBUG_INFORMATION_FORMAT = dwarf;
				ENABLE_STRICT_OBJC_MSGSEND = YES;
				ENABLE_TESTABILITY = YES;
				ENABLE_USER_SCRIPT_SANDBOXING = YES;
				GCC_C_LANGUAGE_STANDARD = gnu17;
				GCC_DYNAMIC_NO_PIC = NO;
				GCC_NO_COMMON_BLOCKS = YES;
				GCC_OPTIMIZATION_LEVEL = 0;
				GCC_PREPROCESSOR_DEFINITIONS = (
					"DEBUG=1",
					"$(inherited)",
				);
				GCC_WARN_64_TO_32_BIT_CONVERSION = YES;
				GCC_WARN_ABOUT_RETURN_TYPE = YES_ERROR;
				GCC_WARN_UNDECLARED_SELECTOR = YES;
				GCC_WARN_UNINITIALIZED_AUTOS = YES_AGGRESSIVE;
				GCC_WARN_UNUSED_FUNCTION = YES;
				GCC_WARN_UNUSED_VARIABLE = YES;
				IPHONEOS_DEPLOYMENT_TARGET = 17.4;
				LOCALIZATION_PREFERS_STRING_CATALOGS = YES;
				MTL_ENABLE_DEBUG_INFO = INCLUDE_SOURCE;
				MTL_FAST_MATH = YES;
				ONLY_ACTIVE_ARCH = YES;
				SDKROOT = iphoneos;
				SWIFT_ACTIVE_COMPILATION_CONDITIONS = "DEBUG $(inherited)";
				SWIFT_OPTIMIZATION_LEVEL = "-Onone";
			};
			name = Debug;
		};
		2FD2CBE22BF7896700C8A4EA /* Release */ = {
			isa = XCBuildConfiguration;
			buildSettings = {
				ALWAYS_SEARCH_USER_PATHS = NO;
				ASSETCATALOG_COMPILER_GENERATE_SWIFT_ASSET_SYMBOL_EXTENSIONS = YES;
				CLANG_ANALYZER_NONNULL = YES;
				CLANG_ANALYZER_NUMBER_OBJECT_CONVERSION = YES_AGGRESSIVE;
				CLANG_CXX_LANGUAGE_STANDARD = "gnu++20";
				CLANG_ENABLE_MODULES = YES;
				CLANG_ENABLE_OBJC_ARC = YES;
				CLANG_ENABLE_OBJC_WEAK = YES;
				CLANG_WARN_BLOCK_CAPTURE_AUTORELEASING = YES;
				CLANG_WARN_BOOL_CONVERSION = YES;
				CLANG_WARN_COMMA = YES;
				CLANG_WARN_CONSTANT_CONVERSION = YES;
				CLANG_WARN_DEPRECATED_OBJC_IMPLEMENTATIONS = YES;
				CLANG_WARN_DIRECT_OBJC_ISA_USAGE = YES_ERROR;
				CLANG_WARN_DOCUMENTATION_COMMENTS = YES;
				CLANG_WARN_EMPTY_BODY = YES;
				CLANG_WARN_ENUM_CONVERSION = YES;
				CLANG_WARN_INFINITE_RECURSION = YES;
				CLANG_WARN_INT_CONVERSION = YES;
				CLANG_WARN_NON_LITERAL_NULL_CONVERSION = YES;
				CLANG_WARN_OBJC_IMPLICIT_RETAIN_SELF = YES;
				CLANG_WARN_OBJC_LITERAL_CONVERSION = YES;
				CLANG_WARN_OBJC_ROOT_CLASS = YES_ERROR;
				CLANG_WARN_QUOTED_INCLUDE_IN_FRAMEWORK_HEADER = YES;
				CLANG_WARN_RANGE_LOOP_ANALYSIS = YES;
				CLANG_WARN_STRICT_PROTOTYPES = YES;
				CLANG_WARN_SUSPICIOUS_MOVE = YES;
				CLANG_WARN_UNGUARDED_AVAILABILITY = YES_AGGRESSIVE;
				CLANG_WARN_UNREACHABLE_CODE = YES;
				CLANG_WARN__DUPLICATE_METHOD_MATCH = YES;
				COPY_PHASE_STRIP = NO;
				DEBUG_INFORMATION_FORMAT = "dwarf-with-dsym";
				ENABLE_NS_ASSERTIONS = NO;
				ENABLE_STRICT_OBJC_MSGSEND = YES;
				ENABLE_USER_SCRIPT_SANDBOXING = YES;
				GCC_C_LANGUAGE_STANDARD = gnu17;
				GCC_NO_COMMON_BLOCKS = YES;
				GCC_WARN_64_TO_32_BIT_CONVERSION = YES;
				GCC_WARN_ABOUT_RETURN_TYPE = YES_ERROR;
				GCC_WARN_UNDECLARED_SELECTOR = YES;
				GCC_WARN_UNINITIALIZED_AUTOS = YES_AGGRESSIVE;
				GCC_WARN_UNUSED_FUNCTION = YES;
				GCC_WARN_UNUSED_VARIABLE = YES;
				IPHONEOS_DEPLOYMENT_TARGET = 17.4;
				LOCALIZATION_PREFERS_STRING_CATALOGS = YES;
				MTL_ENABLE_DEBUG_INFO = NO;
				MTL_FAST_MATH = YES;
				SDKROOT = iphoneos;
				SWIFT_COMPILATION_MODE = wholemodule;
				VALIDATE_PRODUCT = YES;
			};
			name = Release;
		};
		2FD2CBE42BF7896700C8A4EA /* Debug */ = {
			isa = XCBuildConfiguration;
			buildSettings = {
				ASSETCATALOG_COMPILER_APPICON_NAME = AppIcon;
				ASSETCATALOG_COMPILER_GLOBAL_ACCENT_COLOR_NAME = AccentColor;
				CODE_SIGN_STYLE = Automatic;
				CURRENT_PROJECT_VERSION = 1;
				DEVELOPMENT_ASSET_PATHS = "\"sweater_shop/Preview Content\"";
				ENABLE_PREVIEWS = YES;
				GENERATE_INFOPLIST_FILE = YES;
				INFOPLIST_KEY_UIApplicationSceneManifest_Generation = YES;
				INFOPLIST_KEY_UIApplicationSupportsIndirectInputEvents = YES;
				INFOPLIST_KEY_UILaunchScreen_Generation = YES;
				INFOPLIST_KEY_UISupportedInterfaceOrientations_iPad = "UIInterfaceOrientationPortrait UIInterfaceOrientationPortraitUpsideDown UIInterfaceOrientationLandscapeLeft UIInterfaceOrientationLandscapeRight";
				INFOPLIST_KEY_UISupportedInterfaceOrientations_iPhone = "UIInterfaceOrientationPortrait UIInterfaceOrientationLandscapeLeft UIInterfaceOrientationLandscapeRight";
				LD_RUNPATH_SEARCH_PATHS = (
					"$(inherited)",
					"@executable_path/Frameworks",
				);
				MARKETING_VERSION = 1.0;
				PRODUCT_BUNDLE_IDENTIFIER = "com.Dev.sweater-shop";
				PRODUCT_NAME = "$(TARGET_NAME)";
				SWIFT_EMIT_LOC_STRINGS = YES;
				SWIFT_VERSION = 5.0;
				TARGETED_DEVICE_FAMILY = "1,2";
			};
			name = Debug;
		};
		2FD2CBE52BF7896700C8A4EA /* Release */ = {
			isa = XCBuildConfiguration;
			buildSettings = {
				ASSETCATALOG_COMPILER_APPICON_NAME = AppIcon;
				ASSETCATALOG_COMPILER_GLOBAL_ACCENT_COLOR_NAME = AccentColor;
				CODE_SIGN_STYLE = Automatic;
				CURRENT_PROJECT_VERSION = 1;
				DEVELOPMENT_ASSET_PATHS = "\"sweater_shop/Preview Content\"";
				ENABLE_PREVIEWS = YES;
				GENERATE_INFOPLIST_FILE = YES;
				INFOPLIST_KEY_UIApplicationSceneManifest_Generation = YES;
				INFOPLIST_KEY_UIApplicationSupportsIndirectInputEvents = YES;
				INFOPLIST_KEY_UILaunchScreen_Generation = YES;
				INFOPLIST_KEY_UISupportedInterfaceOrientations_iPad = "UIInterfaceOrientationPortrait UIInterfaceOrientationPortraitUpsideDown UIInterfaceOrientationLandscapeLeft UIInterfaceOrientationLandscapeRight";
				INFOPLIST_KEY_UISupportedInterfaceOrientations_iPhone = "UIInterfaceOrientationPortrait UIInterfaceOrientationLandscapeLeft UIInterfaceOrientationLandscapeRight";
				LD_RUNPATH_SEARCH_PATHS = (
					"$(inherited)",
					"@executable_path/Frameworks",
				);
				MARKETING_VERSION = 1.0;
				PRODUCT_BUNDLE_IDENTIFIER = "com.Dev.sweater-shop";
				PRODUCT_NAME = "$(TARGET_NAME)";
				SWIFT_EMIT_LOC_STRINGS = YES;
				SWIFT_VERSION = 5.0;
				TARGETED_DEVICE_FAMILY = "1,2";
			};
			name = Release;
		};
/* End XCBuildConfiguration section */

/* Begin XCConfigurationList section */
		2FD2CBD02BF7896500C8A4EA /* Build configuration list for PBXProject "sweater_shop" */ = {
			isa = XCConfigurationList;
			buildConfigurations = (
				2FD2CBE12BF7896700C8A4EA /* Debug */,
				2FD2CBE22BF7896700C8A4EA /* Release */,
			);
			defaultConfigurationIsVisible = 0;
			defaultConfigurationName = Release;
		};
		2FD2CBE32BF7896700C8A4EA /* Build configuration list for PBXNativeTarget "sweater_shop" */ = {
			isa = XCConfigurationList;
			buildConfigurations = (
				2FD2CBE42BF7896700C8A4EA /* Debug */,
				2FD2CBE52BF7896700C8A4EA /* Release */,
			);
			defaultConfigurationIsVisible = 0;
			defaultConfigurationName = Release;
		};
/* End XCConfigurationList section */
	};
	rootObject = 2FD2CBCD2BF7896500C8A4EA /* Project object */;
}
